
Microsoft Visual Studio Solution File, Format Version 12.00
# Visual Studio Version 16
VisualStudioVersion = 16.0.30611.23
MinimumVisualStudioVersion = 10.0.40219.1
Project("{8BC9CEB8-8B4A-11D0-8D11-00A0C91BC942}") = "HalfMaN", "HalfMaN\HalfMaN.vcxproj", "{FE7AB900-6DFA-43DB-A685-EDDECA315424}"
EndProject
Global
	GlobalSection(SolutionConfigurationPlatforms) = preSolution
		Debug|x64 = Debug|x64
		Debug|x86 = Debug|x86
		Release|x64 = Release|x64
		Release|x86 = Release|x86
	EndGlobalSection
	GlobalSection(ProjectConfigurationPlatforms) = postSolution
		{FE7AB900-6DFA-43DB-A685-EDDECA315424}.Debug|x64.ActiveCfg = Debug|x64
		{FE7AB900-6DFA-43DB-A685-EDDECA315424}.Debug|x64.Build.0 = Debug|x64
		{FE7AB900-6DFA-43DB-A685-EDDECA315424}.Debug|x86.ActiveCfg = Debug|Win32
		{FE7AB900-6DFA-43DB-A685-EDDECA315424}.Debug|x86.Build.0 = Debug|Win32
		{FE7AB900-6DFA-43DB-A685-EDDECA315424}.Release|x64.ActiveCfg = Release|x64
		{FE7AB900-6DFA-43DB-A685-EDDECA315424}.Release|x64.Build.0 = Release|x64
		{FE7AB900-6DFA-43DB-A685-EDDECA315424}.Release|x86.ActiveCfg = Release|Win32
		{FE7AB900-6DFA-43DB-A685-EDDECA315424}.Release|x86.Build.0 = Release|Win32
	EndGlobalSection
	GlobalSection(SolutionProperties) = preSolution
		HideSolutionNode = FALSE
	EndGlobalSection
	GlobalSection(ExtensibilityGlobals) = postSolution
		SolutionGuid = {15CCC3D6-7607-4AFB-96BB-855B597CB4F6}
	EndGlobalSection
EndGlobal
